
Microsoft Visual Studio Solution File, Format Version 12.00
# Visual Studio Version 16
VisualStudioVersion = 16.0.30114.105
MinimumVisualStudioVersion = 10.0.40219.1
Project("{FAE04EC0-301F-11D3-BF4B-00C04F79EFBC}") = "ChunkExtension", "ChunkExtension\ChunkExtension.csproj", "{3C769416-3061-4D9D-9F66-7A35F5E48577}"
EndProject
Global
	GlobalSection(SolutionConfigurationPlatforms) = preSolution
		Debug|Any CPU = Debug|Any CPU
		Release|Any CPU = Release|Any CPU
	EndGlobalSection
	GlobalSection(ProjectConfigurationPlatforms) = postSolution
		{3C769416-3061-4D9D-9F66-7A35F5E48577}.Debug|Any CPU.ActiveCfg = Debug|Any CPU
		{3C769416-3061-4D9D-9F66-7A35F5E48577}.Debug|Any CPU.Build.0 = Debug|Any CPU
		{3C769416-3061-4D9D-9F66-7A35F5E48577}.Release|Any CPU.ActiveCfg = Release|Any CPU
		{3C769416-3061-4D9D-9F66-7A35F5E48577}.Release|Any CPU.Build.0 = Release|Any CPU
	EndGlobalSection
	GlobalSection(SolutionProperties) = preSolution
		HideSolutionNode = FALSE
	EndGlobalSection
	GlobalSection(ExtensibilityGlobals) = postSolution
		SolutionGuid = {5AC59B06-BC7B-4D0B-AF09-6B9AB5BA10B5}
	EndGlobalSection
EndGlobal
